<?xml version="1.0" encoding="utf-8"?>
<Project ToolsVersion="4.0" xmlns="http://schemas.microsoft.com/developer/msbuild/2003">
  <ItemGroup>
    <ClCompile Include="acid.cpp">
      <Filter>Source Files</Filter>
    </ClCompile>
    <ClCompile Include="alonetime.cpp">
      <Filter>Source Files</Filter>
    </ClCompile>
    <ClCompile Include="animal pen.cpp">
      <Filter>Source Files</Filter>
    </ClCompile>
    <ClCompile Include="arith square.cpp">
      <Filter>Source Files</Filter>
    </ClCompile>
    <ClCompile Include="art.cpp">
      <Filter>Source Files</Filter>
    </ClCompile>
    <ClCompile Include="books.cpp">
      <Filter>Source Files</Filter>
    </ClCompile>
    <ClCompile Include="books2.cpp">
      <Filter>Source Files</Filter>
    </ClCompile>
    <ClCompile Include="bsspc 1.cpp">
      <Filter>Source Files</Filter>
    </ClCompile>
    <ClCompile Include="chainrule.cpp">
      <Filter>Source Files</Filter>
    </ClCompile>
    <ClCompile Include="circleoflife.cpp">
      <Filter>Source Files</Filter>
    </ClCompile>
    <ClCompile Include="convexhull.cpp">
      <Filter>Source Files</Filter>
    </ClCompile>
    <ClCompile Include="crtanje.cpp">
      <Filter>Source Files</Filter>
    </ClCompile>
    <ClCompile Include="dmopc 1.cpp">
      <Filter>Source Files</Filter>
    </ClCompile>
    <ClCompile Include="dmopc2.cpp">
      <Filter>Source Files</Filter>
    </ClCompile>
    <ClCompile Include="dpa.cpp">
      <Filter>Source Files</Filter>
    </ClCompile>
    <ClCompile Include="escaperoom.cpp">
      <Filter>Source Files</Filter>
    </ClCompile>
    <ClCompile Include="fib num easy.cpp">
      <Filter>Source Files</Filter>
    </ClCompile>
    <ClCompile Include="floorplan.cpp">
      <Filter>Source Files</Filter>
    </ClCompile>
    <ClCompile Include="friends.cpp">
      <Filter>Source Files</Filter>
    </ClCompile>
    <ClCompile Include="gates.cpp">
      <Filter>Source Files</Filter>
    </ClCompile>
    <ClCompile Include="gates2.cpp">
      <Filter>Source Files</Filter>
    </ClCompile>
    <ClCompile Include="golf.cpp">
      <Filter>Source Files</Filter>
    </ClCompile>
    <ClCompile Include="knight.cpp">
      <Filter>Source Files</Filter>
    </ClCompile>
    <ClCompile Include="maze.cpp">
      <Filter>Source Files</Filter>
    </ClCompile>
    <ClCompile Include="mincostflow.cpp">
      <Filter>Source Files</Filter>
    </ClCompile>
    <ClCompile Include="minimumcostroads.cpp">
      <Filter>Source Files</Filter>
    </ClCompile>
    <ClCompile Include="mock ccc j.cpp">
      <Filter>Source Files</Filter>
    </ClCompile>
    <ClCompile Include="nail.cpp">
      <Filter>Source Files</Filter>
    </ClCompile>
    <ClCompile Include="pho.cpp">
      <Filter>Source Files</Filter>
    </ClCompile>
    <ClCompile Include="pi day.cpp">
      <Filter>Source Files</Filter>
    </ClCompile>
    <ClCompile Include="quine.cpp">
      <Filter>Source Files</Filter>
    </ClCompile>
    <ClCompile Include="robothieves.cpp">
      <Filter>Source Files</Filter>
    </ClCompile>
    <ClCompile Include="seperation.cpp">
      <Filter>Source Files</Filter>
    </ClCompile>
    <ClCompile Include="sssp.cpp">
      <Filter>Source Files</Filter>
    </ClCompile>
    <ClCompile Include="strategic.cpp">
      <Filter>Source Files</Filter>
    </ClCompile>
    <ClCompile Include="too simple.cpp">
      <Filter>Source Files</Filter>
    </ClCompile>
    <ClCompile Include="winning.cpp">
      <Filter>Source Files</Filter>
    </ClCompile>
    <ClCompile Include="wireless.cpp">
      <Filter>Source Files</Filter>
    </ClCompile>
    <ClCompile Include="yac1.cpp">
      <Filter>Source Files</Filter>
    </ClCompile>
    <ClCompile Include="fenwick tree.cpp">
      <Filter>Source Files</Filter>
    </ClCompile>
    <ClCompile Include="chancesofwinning.cpp">
      <Filter>Source Files</Filter>
    </ClCompile>
    <ClCompile Include="aliceglass.cpp">
      <Filter>Source Files</Filter>
    </ClCompile>
  </ItemGroup>
  <ItemGroup>
    <Filter Include="Header Files">
      <UniqueIdentifier>{491b8dda-f6fd-42fd-b1fd-683ed382396b}</UniqueIdentifier>
    </Filter>
    <Filter Include="Source Files">
      <UniqueIdentifier>{77d71f86-2f91-4daa-aa44-530c6ab127c3}</UniqueIdentifier>
    </Filter>
    <Filter Include="Resource Files">
      <UniqueIdentifier>{30c97fe6-50fb-45f7-b3a2-320d1b55e716}</UniqueIdentifier>
    </Filter>
  </ItemGroup>
</Project>